// !$*UTF8*$!
{
	archiveVersion = 1;
	classes = {
	};
	objectVersion = 51;
	objects = {

/* Begin PBXBuildFile section */
		20CBA0491BEDC626637B57AF /* Pods_Test_5_18Tests.framework in Frameworks */ = {isa = PBXBuildFile; fileRef = D5CE8DD9A6EFD50C867665D4 /* Pods_Test_5_18Tests.framework */; };
		70F1E71F92F9C4C3F4194B83 /* Pods_Test_5_18.framework in Frameworks */ = {isa = PBXBuildFile; fileRef = F0741129FE7FB81097AEB7CA /* Pods_Test_5_18.framework */; };
		86011897232223CE00BA1EE1 /* AppDelegate.swift in Sources */ = {isa = PBXBuildFile; fileRef = 86011896232223CE00BA1EE1 /* AppDelegate.swift */; };
		86011899232223CE00BA1EE1 /* ViewController.swift in Sources */ = {isa = PBXBuildFile; fileRef = 86011898232223CE00BA1EE1 /* ViewController.swift */; };
		8601189C232223CE00BA1EE1 /* Main.storyboard in Resources */ = {isa = PBXBuildFile; fileRef = 8601189A232223CE00BA1EE1 /* Main.storyboard */; };
		8601189E232223D000BA1EE1 /* Assets.xcassets in Resources */ = {isa = PBXBuildFile; fileRef = 8601189D232223D000BA1EE1 /* Assets.xcassets */; };
		860118A1232223D000BA1EE1 /* LaunchScreen.storyboard in Resources */ = {isa = PBXBuildFile; fileRef = 8601189F232223D000BA1EE1 /* LaunchScreen.storyboard */; };
		860118AC232223D000BA1EE1 /* Test_5_18Tests.swift in Sources */ = {isa = PBXBuildFile; fileRef = 860118AB232223D000BA1EE1 /* Test_5_18Tests.swift */; };
		860118B7232223D000BA1EE1 /* Test_5_18UITests.swift in Sources */ = {isa = PBXBuildFile; fileRef = 860118B6232223D000BA1EE1 /* Test_5_18UITests.swift */; };
		860118C62322240800BA1EE1 /* TopViewController.swift in Sources */ = {isa = PBXBuildFile; fileRef = 860118C42322240800BA1EE1 /* TopViewController.swift */; };
		860118C72322240800BA1EE1 /* TopViewController.xib in Resources */ = {isa = PBXBuildFile; fileRef = 860118C52322240800BA1EE1 /* TopViewController.xib */; };
		860118CA2322242200BA1EE1 /* TopMainView.swift in Sources */ = {isa = PBXBuildFile; fileRef = 860118C82322242200BA1EE1 /* TopMainView.swift */; };
		860118CB2322242200BA1EE1 /* TopMainView.xib in Resources */ = {isa = PBXBuildFile; fileRef = 860118C92322242200BA1EE1 /* TopMainView.xib */; };
		860118CE2322245A00BA1EE1 /* TopMainTableViewCell.swift in Sources */ = {isa = PBXBuildFile; fileRef = 860118CC2322245A00BA1EE1 /* TopMainTableViewCell.swift */; };
		860118CF2322245A00BA1EE1 /* TopMainTableViewCell.xib in Resources */ = {isa = PBXBuildFile; fileRef = 860118CD2322245A00BA1EE1 /* TopMainTableViewCell.xib */; };
		CB1BD3861BFD3E43C5F95246 /* Pods_Test_5_18UITests.framework in Frameworks */ = {isa = PBXBuildFile; fileRef = FD5F4B7405F4538B81EB2857 /* Pods_Test_5_18UITests.framework */; };
/* End PBXBuildFile section */

/* Begin PBXContainerItemProxy section */
		860118A8232223D000BA1EE1 /* PBXContainerItemProxy */ = {
			isa = PBXContainerItemProxy;
			containerPortal = 8601188B232223CE00BA1EE1 /* Project object */;
			proxyType = 1;
			remoteGlobalIDString = 86011892232223CE00BA1EE1;
			remoteInfo = "Test-5-18";
		};
		860118B3232223D000BA1EE1 /* PBXContainerItemProxy */ = {
			isa = PBXContainerItemProxy;
			containerPortal = 8601188B232223CE00BA1EE1 /* Project object */;
			proxyType = 1;
			remoteGlobalIDString = 86011892232223CE00BA1EE1;
			remoteInfo = "Test-5-18";
		};
/* End PBXContainerItemProxy section */

/* Begin PBXFileReference section */
		353E3263114CC22F5F58BB6A /* Pods-Test-5-18Tests.debug.xcconfig */ = {isa = PBXFileReference; includeInIndex = 1; lastKnownFileType = text.xcconfig; name = "Pods-Test-5-18Tests.debug.xcconfig"; path = "Target Support Files/Pods-Test-5-18Tests/Pods-Test-5-18Tests.debug.xcconfig"; sourceTree = "<group>"; };
		4916A2F5ADA9F7F2F2C7A936 /* Pods-Test-5-18UITests.debug.xcconfig */ = {isa = PBXFileReference; includeInIndex = 1; lastKnownFileType = text.xcconfig; name = "Pods-Test-5-18UITests.debug.xcconfig"; path = "Target Support Files/Pods-Test-5-18UITests/Pods-Test-5-18UITests.debug.xcconfig"; sourceTree = "<group>"; };
		7B7DE2BE9C82EF4A140C8E3B /* Pods-Test-5-18Tests.release.xcconfig */ = {isa = PBXFileReference; includeInIndex = 1; lastKnownFileType = text.xcconfig; name = "Pods-Test-5-18Tests.release.xcconfig"; path = "Target Support Files/Pods-Test-5-18Tests/Pods-Test-5-18Tests.release.xcconfig"; sourceTree = "<group>"; };
		82085F28C10B0031246371A0 /* Pods-Test-5-18UITests.release.xcconfig */ = {isa = PBXFileReference; includeInIndex = 1; lastKnownFileType = text.xcconfig; name = "Pods-Test-5-18UITests.release.xcconfig"; path = "Target Support Files/Pods-Test-5-18UITests/Pods-Test-5-18UITests.release.xcconfig"; sourceTree = "<group>"; };
		86011893232223CE00BA1EE1 /* Test-5-18.app */ = {isa = PBXFileReference; explicitFileType = wrapper.application; includeInIndex = 0; path = "Test-5-18.app"; sourceTree = BUILT_PRODUCTS_DIR; };
		86011896232223CE00BA1EE1 /* AppDelegate.swift */ = {isa = PBXFileReference; lastKnownFileType = sourcecode.swift; path = AppDelegate.swift; sourceTree = "<group>"; };
		86011898232223CE00BA1EE1 /* ViewController.swift */ = {isa = PBXFileReference; lastKnownFileType = sourcecode.swift; path = ViewController.swift; sourceTree = "<group>"; };
		8601189B232223CE00BA1EE1 /* Base */ = {isa = PBXFileReference; lastKnownFileType = file.storyboard; name = Base; path = Base.lproj/Main.storyboard; sourceTree = "<group>"; };
		8601189D232223D000BA1EE1 /* Assets.xcassets */ = {isa = PBXFileReference; lastKnownFileType = folder.assetcatalog; path = Assets.xcassets; sourceTree = "<group>"; };
		860118A0232223D000BA1EE1 /* Base */ = {isa = PBXFileReference; lastKnownFileType = file.storyboard; name = Base; path = Base.lproj/LaunchScreen.storyboard; sourceTree = "<group>"; };
		860118A2232223D000BA1EE1 /* Info.plist */ = {isa = PBXFileReference; lastKnownFileType = text.plist.xml; path = Info.plist; sourceTree = "<group>"; };
		860118A7232223D000BA1EE1 /* Test-5-18Tests.xctest */ = {isa = PBXFileReference; explicitFileType = wrapper.cfbundle; includeInIndex = 0; path = "Test-5-18Tests.xctest"; sourceTree = BUILT_PRODUCTS_DIR; };
		860118AB232223D000BA1EE1 /* Test_5_18Tests.swift */ = {isa = PBXFileReference; lastKnownFileType = sourcecode.swift; path = Test_5_18Tests.swift; sourceTree = "<group>"; };
		860118AD232223D000BA1EE1 /* Info.plist */ = {isa = PBXFileReference; lastKnownFileType = text.plist.xml; path = Info.plist; sourceTree = "<group>"; };
		860118B2232223D000BA1EE1 /* Test-5-18UITests.xctest */ = {isa = PBXFileReference; explicitFileType = wrapper.cfbundle; includeInIndex = 0; path = "Test-5-18UITests.xctest"; sourceTree = BUILT_PRODUCTS_DIR; };
		860118B6232223D000BA1EE1 /* Test_5_18UITests.swift */ = {isa = PBXFileReference; lastKnownFileType = sourcecode.swift; path = Test_5_18UITests.swift; sourceTree = "<group>"; };
		860118B8232223D000BA1EE1 /* Info.plist */ = {isa = PBXFileReference; lastKnownFileType = text.plist.xml; path = Info.plist; sourceTree = "<group>"; };
		860118C42322240800BA1EE1 /* TopViewController.swift */ = {isa = PBXFileReference; lastKnownFileType = sourcecode.swift; path = TopViewController.swift; sourceTree = "<group>"; };
		860118C52322240800BA1EE1 /* TopViewController.xib */ = {isa = PBXFileReference; lastKnownFileType = file.xib; path = TopViewController.xib; sourceTree = "<group>"; };
		860118C82322242200BA1EE1 /* TopMainView.swift */ = {isa = PBXFileReference; lastKnownFileType = sourcecode.swift; path = TopMainView.swift; sourceTree = "<group>"; };
		860118C92322242200BA1EE1 /* TopMainView.xib */ = {isa = PBXFileReference; lastKnownFileType = file.xib; path = TopMainView.xib; sourceTree = "<group>"; };
		860118CC2322245A00BA1EE1 /* TopMainTableViewCell.swift */ = {isa = PBXFileReference; lastKnownFileType = sourcecode.swift; path = TopMainTableViewCell.swift; sourceTree = "<group>"; };
		860118CD2322245A00BA1EE1 /* TopMainTableViewCell.xib */ = {isa = PBXFileReference; lastKnownFileType = file.xib; path = TopMainTableViewCell.xib; sourceTree = "<group>"; };
		AAA89D909AE546D5B3CA76ED /* Pods-Test-5-18.release.xcconfig */ = {isa = PBXFileReference; includeInIndex = 1; lastKnownFileType = text.xcconfig; name = "Pods-Test-5-18.release.xcconfig"; path = "Target Support Files/Pods-Test-5-18/Pods-Test-5-18.release.xcconfig"; sourceTree = "<group>"; };
		CCA87705F2AD57905040EAF9 /* Pods-Test-5-18.debug.xcconfig */ = {isa = PBXFileReference; includeInIndex = 1; lastKnownFileType = text.xcconfig; name = "Pods-Test-5-18.debug.xcconfig"; path = "Target Support Files/Pods-Test-5-18/Pods-Test-5-18.debug.xcconfig"; sourceTree = "<group>"; };
		D5CE8DD9A6EFD50C867665D4 /* Pods_Test_5_18Tests.framework */ = {isa = PBXFileReference; explicitFileType = wrapper.framework; includeInIndex = 0; path = Pods_Test_5_18Tests.framework; sourceTree = BUILT_PRODUCTS_DIR; };
		F0741129FE7FB81097AEB7CA /* Pods_Test_5_18.framework */ = {isa = PBXFileReference; explicitFileType = wrapper.framework; includeInIndex = 0; path = Pods_Test_5_18.framework; sourceTree = BUILT_PRODUCTS_DIR; };
		FD5F4B7405F4538B81EB2857 /* Pods_Test_5_18UITests.framework */ = {isa = PBXFileReference; explicitFileType = wrapper.framework; includeInIndex = 0; path = Pods_Test_5_18UITests.framework; sourceTree = BUILT_PRODUCTS_DIR; };
/* End PBXFileReference section */

/* Begin PBXFrameworksBuildPhase section */
		86011890232223CE00BA1EE1 /* Frameworks */ = {
			isa = PBXFrameworksBuildPhase;
			buildActionMask = 2147483647;
			files = (
				70F1E71F92F9C4C3F4194B83 /* Pods_Test_5_18.framework in Frameworks */,
			);
			runOnlyForDeploymentPostprocessing = 0;
		};
		860118A4232223D000BA1EE1 /* Frameworks */ = {
			isa = PBXFrameworksBuildPhase;
			buildActionMask = 2147483647;
			files = (
				20CBA0491BEDC626637B57AF /* Pods_Test_5_18Tests.framework in Frameworks */,
			);
			runOnlyForDeploymentPostprocessing = 0;
		};
		860118AF232223D000BA1EE1 /* Frameworks */ = {
			isa = PBXFrameworksBuildPhase;
			buildActionMask = 2147483647;
			files = (
				CB1BD3861BFD3E43C5F95246 /* Pods_Test_5_18UITests.framework in Frameworks */,
			);
			runOnlyForDeploymentPostprocessing = 0;
		};
/* End PBXFrameworksBuildPhase section */

/* Begin PBXGroup section */
		75090BDD267BAF5761EF2786 /* Pods */ = {
			isa = PBXGroup;
			children = (
				CCA87705F2AD57905040EAF9 /* Pods-Test-5-18.debug.xcconfig */,
				AAA89D909AE546D5B3CA76ED /* Pods-Test-5-18.release.xcconfig */,
				353E3263114CC22F5F58BB6A /* Pods-Test-5-18Tests.debug.xcconfig */,
				7B7DE2BE9C82EF4A140C8E3B /* Pods-Test-5-18Tests.release.xcconfig */,
				4916A2F5ADA9F7F2F2C7A936 /* Pods-Test-5-18UITests.debug.xcconfig */,
				82085F28C10B0031246371A0 /* Pods-Test-5-18UITests.release.xcconfig */,
			);
			path = Pods;
			sourceTree = "<group>";
		};
		8601188A232223CE00BA1EE1 = {
			isa = PBXGroup;
			children = (
				86011895232223CE00BA1EE1 /* Test-5-18 */,
				860118AA232223D000BA1EE1 /* Test-5-18Tests */,
				860118B5232223D000BA1EE1 /* Test-5-18UITests */,
				86011894232223CE00BA1EE1 /* Products */,
				75090BDD267BAF5761EF2786 /* Pods */,
				EC12B42680CCE2ABF84528DF /* Frameworks */,
			);
			sourceTree = "<group>";
		};
		86011894232223CE00BA1EE1 /* Products */ = {
			isa = PBXGroup;
			children = (
				86011893232223CE00BA1EE1 /* Test-5-18.app */,
				860118A7232223D000BA1EE1 /* Test-5-18Tests.xctest */,
				860118B2232223D000BA1EE1 /* Test-5-18UITests.xctest */,
			);
			name = Products;
			sourceTree = "<group>";
		};
		86011895232223CE00BA1EE1 /* Test-5-18 */ = {
			isa = PBXGroup;
			children = (
				86011896232223CE00BA1EE1 /* AppDelegate.swift */,
				86011898232223CE00BA1EE1 /* ViewController.swift */,
				8601189A232223CE00BA1EE1 /* Main.storyboard */,
				8601189D232223D000BA1EE1 /* Assets.xcassets */,
				8601189F232223D000BA1EE1 /* LaunchScreen.storyboard */,
				860118A2232223D000BA1EE1 /* Info.plist */,
				860118C42322240800BA1EE1 /* TopViewController.swift */,
				860118C52322240800BA1EE1 /* TopViewController.xib */,
				860118C82322242200BA1EE1 /* TopMainView.swift */,
				860118C92322242200BA1EE1 /* TopMainView.xib */,
				860118CC2322245A00BA1EE1 /* TopMainTableViewCell.swift */,
				860118CD2322245A00BA1EE1 /* TopMainTableViewCell.xib */,
			);
			path = "Test-5-18";
			sourceTree = "<group>";
		};
		860118AA232223D000BA1EE1 /* Test-5-18Tests */ = {
			isa = PBXGroup;
			children = (
				860118AB232223D000BA1EE1 /* Test_5_18Tests.swift */,
				860118AD232223D000BA1EE1 /* Info.plist */,
			);
			path = "Test-5-18Tests";
			sourceTree = "<group>";
		};
		860118B5232223D000BA1EE1 /* Test-5-18UITests */ = {
			isa = PBXGroup;
			children = (
				860118B6232223D000BA1EE1 /* Test_5_18UITests.swift */,
				860118B8232223D000BA1EE1 /* Info.plist */,
			);
			path = "Test-5-18UITests";
			sourceTree = "<group>";
		};
		EC12B42680CCE2ABF84528DF /* Frameworks */ = {
			isa = PBXGroup;
			children = (
				F0741129FE7FB81097AEB7CA /* Pods_Test_5_18.framework */,
				D5CE8DD9A6EFD50C867665D4 /* Pods_Test_5_18Tests.framework */,
				FD5F4B7405F4538B81EB2857 /* Pods_Test_5_18UITests.framework */,
			);
			name = Frameworks;
			sourceTree = "<group>";
		};
/* End PBXGroup section */

/* Begin PBXNativeTarget section */
		86011892232223CE00BA1EE1 /* Test-5-18 */ = {
			isa = PBXNativeTarget;
			buildConfigurationList = 860118BB232223D000BA1EE1 /* Build configuration list for PBXNativeTarget "Test-5-18" */;
			buildPhases = (
				B03FA15B95ABB0BD161DB6E8 /* [CP] Check Pods Manifest.lock */,
				8601188F232223CE00BA1EE1 /* Sources */,
				86011890232223CE00BA1EE1 /* Frameworks */,
				86011891232223CE00BA1EE1 /* Resources */,
				1A8C882B9FC9A0FFBE12A5C3 /* [CP] Embed Pods Frameworks */,
			);
			buildRules = (
			);
			dependencies = (
			);
			name = "Test-5-18";
			productName = "Test-5-18";
			productReference = 86011893232223CE00BA1EE1 /* Test-5-18.app */;
			productType = "com.apple.product-type.application";
		};
		860118A6232223D000BA1EE1 /* Test-5-18Tests */ = {
			isa = PBXNativeTarget;
			buildConfigurationList = 860118BE232223D000BA1EE1 /* Build configuration list for PBXNativeTarget "Test-5-18Tests" */;
			buildPhases = (
				9780DD774B19E375968669F9 /* [CP] Check Pods Manifest.lock */,
				860118A3232223D000BA1EE1 /* Sources */,
				860118A4232223D000BA1EE1 /* Frameworks */,
				860118A5232223D000BA1EE1 /* Resources */,
			);
			buildRules = (
			);
			dependencies = (
				860118A9232223D000BA1EE1 /* PBXTargetDependency */,
			);
			name = "Test-5-18Tests";
			productName = "Test-5-18Tests";
			productReference = 860118A7232223D000BA1EE1 /* Test-5-18Tests.xctest */;
			productType = "com.apple.product-type.bundle.unit-test";
		};
		860118B1232223D000BA1EE1 /* Test-5-18UITests */ = {
			isa = PBXNativeTarget;
			buildConfigurationList = 860118C1232223D000BA1EE1 /* Build configuration list for PBXNativeTarget "Test-5-18UITests" */;
			buildPhases = (
				18E18C4309E6D00A7D60924D /* [CP] Check Pods Manifest.lock */,
				860118AE232223D000BA1EE1 /* Sources */,
				860118AF232223D000BA1EE1 /* Frameworks */,
				860118B0232223D000BA1EE1 /* Resources */,
			);
			buildRules = (
			);
			dependencies = (
				860118B4232223D000BA1EE1 /* PBXTargetDependency */,
			);
			name = "Test-5-18UITests";
			productName = "Test-5-18UITests";
			productReference = 860118B2232223D000BA1EE1 /* Test-5-18UITests.xctest */;
			productType = "com.apple.product-type.bundle.ui-testing";
		};
/* End PBXNativeTarget section */

/* Begin PBXProject section */
		8601188B232223CE00BA1EE1 /* Project object */ = {
			isa = PBXProject;
			attributes = {
				LastSwiftUpdateCheck = 1030;
				LastUpgradeCheck = 1030;
				ORGANIZATIONNAME = "多可楽";
				TargetAttributes = {
					86011892232223CE00BA1EE1 = {
						CreatedOnToolsVersion = 10.3;
					};
					860118A6232223D000BA1EE1 = {
						CreatedOnToolsVersion = 10.3;
						TestTargetID = 86011892232223CE00BA1EE1;
					};
					860118B1232223D000BA1EE1 = {
						CreatedOnToolsVersion = 10.3;
						TestTargetID = 86011892232223CE00BA1EE1;
					};
				};
			};
			buildConfigurationList = 8601188E232223CE00BA1EE1 /* Build configuration list for PBXProject "Test-5-18" */;
			compatibilityVersion = "Xcode 9.3";
			developmentRegion = en;
			hasScannedForEncodings = 0;
			knownRegions = (
				en,
				Base,
			);
			mainGroup = 8601188A232223CE00BA1EE1;
			productRefGroup = 86011894232223CE00BA1EE1 /* Products */;
			projectDirPath = "";
			projectRoot = "";
			targets = (
				86011892232223CE00BA1EE1 /* Test-5-18 */,
				860118A6232223D000BA1EE1 /* Test-5-18Tests */,
				860118B1232223D000BA1EE1 /* Test-5-18UITests */,
			);
		};
/* End PBXProject section */

/* Begin PBXResourcesBuildPhase section */
		86011891232223CE00BA1EE1 /* Resources */ = {
			isa = PBXResourcesBuildPhase;
			buildActionMask = 2147483647;
			files = (
				860118CB2322242200BA1EE1 /* TopMainView.xib in Resources */,
				860118C72322240800BA1EE1 /* TopViewController.xib in Resources */,
				860118A1232223D000BA1EE1 /* LaunchScreen.storyboard in Resources */,
				8601189E232223D000BA1EE1 /* Assets.xcassets in Resources */,
				860118CF2322245A00BA1EE1 /* TopMainTableViewCell.xib in Resources */,
				8601189C232223CE00BA1EE1 /* Main.storyboard in Resources */,
			);
			runOnlyForDeploymentPostprocessing = 0;
		};
		860118A5232223D000BA1EE1 /* Resources */ = {
			isa = PBXResourcesBuildPhase;
			buildActionMask = 2147483647;
			files = (
			);
			runOnlyForDeploymentPostprocessing = 0;
		};
		860118B0232223D000BA1EE1 /* Resources */ = {
			isa = PBXResourcesBuildPhase;
			buildActionMask = 2147483647;
			files = (
			);
			runOnlyForDeploymentPostprocessing = 0;
		};
/* End PBXResourcesBuildPhase section */

/* Begin PBXShellScriptBuildPhase section */
		18E18C4309E6D00A7D60924D /* [CP] Check Pods Manifest.lock */ = {
			isa = PBXShellScriptBuildPhase;
			buildActionMask = 2147483647;
			files = (
			);
			inputFileListPaths = (
			);
			inputPaths = (
				"${PODS_PODFILE_DIR_PATH}/Podfile.lock",
				"${PODS_ROOT}/Manifest.lock",
			);
			name = "[CP] Check Pods Manifest.lock";
			outputFileListPaths = (
			);
			outputPaths = (
				"$(DERIVED_FILE_DIR)/Pods-Test-5-18UITests-checkManifestLockResult.txt",
			);
			runOnlyForDeploymentPostprocessing = 0;
			shellPath = /bin/sh;
			shellScript = "diff \"${PODS_PODFILE_DIR_PATH}/Podfile.lock\" \"${PODS_ROOT}/Manifest.lock\" > /dev/null\nif [ $? != 0 ] ; then\n    # print error to STDERR\n    echo \"error: The sandbox is not in sync with the Podfile.lock. Run 'pod install' or update your CocoaPods installation.\" >&2\n    exit 1\nfi\n# This output is used by Xcode 'outputs' to avoid re-running this script phase.\necho \"SUCCESS\" > \"${SCRIPT_OUTPUT_FILE_0}\"\n";
			showEnvVarsInLog = 0;
		};
		1A8C882B9FC9A0FFBE12A5C3 /* [CP] Embed Pods Frameworks */ = {
			isa = PBXShellScriptBuildPhase;
			buildActionMask = 2147483647;
			files = (
			);
			inputFileListPaths = (
				"${PODS_ROOT}/Target Support Files/Pods-Test-5-18/Pods-Test-5-18-frameworks-${CONFIGURATION}-input-files.xcfilelist",
			);
			name = "[CP] Embed Pods Frameworks";
			outputFileListPaths = (
				"${PODS_ROOT}/Target Support Files/Pods-Test-5-18/Pods-Test-5-18-frameworks-${CONFIGURATION}-output-files.xcfilelist",
			);
			runOnlyForDeploymentPostprocessing = 0;
			shellPath = /bin/sh;
			shellScript = "\"${PODS_ROOT}/Target Support Files/Pods-Test-5-18/Pods-Test-5-18-frameworks.sh\"\n";
			showEnvVarsInLog = 0;
		};
		9780DD774B19E375968669F9 /* [CP] Check Pods Manifest.lock */ = {
			isa = PBXShellScriptBuildPhase;
			buildActionMask = 2147483647;
			files = (
			);
			inputFileListPaths = (
			);
			inputPaths = (
				"${PODS_PODFILE_DIR_PATH}/Podfile.lock",
				"${PODS_ROOT}/Manifest.lock",
			);
			name = "[CP] Check Pods Manifest.lock";
			outputFileListPaths = (
			);
			outputPaths = (
				"$(DERIVED_FILE_DIR)/Pods-Test-5-18Tests-checkManifestLockResult.txt",
			);
			runOnlyForDeploymentPostprocessing = 0;
			shellPath = /bin/sh;
			shellScript = "diff \"${PODS_PODFILE_DIR_PATH}/Podfile.lock\" \"${PODS_ROOT}/Manifest.lock\" > /dev/null\nif [ $? != 0 ] ; then\n    # print error to STDERR\n    echo \"error: The sandbox is not in sync with the Podfile.lock. Run 'pod install' or update your CocoaPods installation.\" >&2\n    exit 1\nfi\n# This output is used by Xcode 'outputs' to avoid re-running this script phase.\necho \"SUCCESS\" > \"${SCRIPT_OUTPUT_FILE_0}\"\n";
			showEnvVarsInLog = 0;
		};
		B03FA15B95ABB0BD161DB6E8 /* [CP] Check Pods Manifest.lock */ = {
			isa = PBXShellScriptBuildPhase;
			buildActionMask = 2147483647;
			files = (
			);
			inputFileListPaths = (
			);
			inputPaths = (
				"${PODS_PODFILE_DIR_PATH}/Podfile.lock",
				"${PODS_ROOT}/Manifest.lock",
			);
			name = "[CP] Check Pods Manifest.lock";
			outputFileListPaths = (
			);
			outputPaths = (
				"$(DERIVED_FILE_DIR)/Pods-Test-5-18-checkManifestLockResult.txt",
			);
			runOnlyForDeploymentPostprocessing = 0;
			shellPath = /bin/sh;
			shellScript = "diff \"${PODS_PODFILE_DIR_PATH}/Podfile.lock\" \"${PODS_ROOT}/Manifest.lock\" > /dev/null\nif [ $? != 0 ] ; then\n    # print error to STDERR\n    echo \"error: The sandbox is not in sync with the Podfile.lock. Run 'pod install' or update your CocoaPods installation.\" >&2\n    exit 1\nfi\n# This output is used by Xcode 'outputs' to avoid re-running this script phase.\necho \"SUCCESS\" > \"${SCRIPT_OUTPUT_FILE_0}\"\n";
			showEnvVarsInLog = 0;
		};
/* End PBXShellScriptBuildPhase section */

/* Begin PBXSourcesBuildPhase section */
		8601188F232223CE00BA1EE1 /* Sources */ = {
			isa = PBXSourcesBuildPhase;
			buildActionMask = 2147483647;
			files = (
				860118CE2322245A00BA1EE1 /* TopMainTableViewCell.swift in Sources */,
				860118C62322240800BA1EE1 /* TopViewController.swift in Sources */,
				86011899232223CE00BA1EE1 /* ViewController.swift in Sources */,
				86011897232223CE00BA1EE1 /* AppDelegate.swift in Sources */,
				860118CA2322242200BA1EE1 /* TopMainView.swift in Sources */,
			);
			runOnlyForDeploymentPostprocessing = 0;
		};
		860118A3232223D000BA1EE1 /* Sources */ = {
			isa = PBXSourcesBuildPhase;
			buildActionMask = 2147483647;
			files = (
				860118AC232223D000BA1EE1 /* Test_5_18Tests.swift in Sources */,
			);
			runOnlyForDeploymentPostprocessing = 0;
		};
		860118AE232223D000BA1EE1 /* Sources */ = {
			isa = PBXSourcesBuildPhase;
			buildActionMask = 2147483647;
			files = (
				860118B7232223D000BA1EE1 /* Test_5_18UITests.swift in Sources */,
			);
			runOnlyForDeploymentPostprocessing = 0;
		};
/* End PBXSourcesBuildPhase section */

/* Begin PBXTargetDependency section */
		860118A9232223D000BA1EE1 /* PBXTargetDependency */ = {
			isa = PBXTargetDependency;
			target = 86011892232223CE00BA1EE1 /* Test-5-18 */;
			targetProxy = 860118A8232223D000BA1EE1 /* PBXContainerItemProxy */;
		};
		860118B4232223D000BA1EE1 /* PBXTargetDependency */ = {
			isa = PBXTargetDependency;
			target = 86011892232223CE00BA1EE1 /* Test-5-18 */;
			targetProxy = 860118B3232223D000BA1EE1 /* PBXContainerItemProxy */;
		};
/* End PBXTargetDependency section */

/* Begin PBXVariantGroup section */
		8601189A232223CE00BA1EE1 /* Main.storyboard */ = {
			isa = PBXVariantGroup;
			children = (
				8601189B232223CE00BA1EE1 /* Base */,
			);
			name = Main.storyboard;
			sourceTree = "<group>";
		};
		8601189F232223D000BA1EE1 /* LaunchScreen.storyboard */ = {
			isa = PBXVariantGroup;
			children = (
				860118A0232223D000BA1EE1 /* Base */,
			);
			name = LaunchScreen.storyboard;
			sourceTree = "<group>";
		};
/* End PBXVariantGroup section */

/* Begin XCBuildConfiguration section */
		860118B9232223D000BA1EE1 /* Debug */ = {
			isa = XCBuildConfiguration;
			buildSettings = {
				ALWAYS_SEARCH_USER_PATHS = NO;
				CLANG_ANALYZER_NONNULL = YES;
				CLANG_ANALYZER_NUMBER_OBJECT_CONVERSION = YES_AGGRESSIVE;
				CLANG_CXX_LANGUAGE_STANDARD = "gnu++14";
				CLANG_CXX_LIBRARY = "libc++";
				CLANG_ENABLE_MODULES = YES;
				CLANG_ENABLE_OBJC_ARC = YES;
				CLANG_ENABLE_OBJC_WEAK = YES;
				CLANG_WARN_BLOCK_CAPTURE_AUTORELEASING = YES;
				CLANG_WARN_BOOL_CONVERSION = YES;
				CLANG_WARN_COMMA = YES;
				CLANG_WARN_CONSTANT_CONVERSION = YES;
				CLANG_WARN_DEPRECATED_OBJC_IMPLEMENTATIONS = YES;
				CLANG_WARN_DIRECT_OBJC_ISA_USAGE = YES_ERROR;
				CLANG_WARN_DOCUMENTATION_COMMENTS = YES;
				CLANG_WARN_EMPTY_BODY = YES;
				CLANG_WARN_ENUM_CONVERSION = YES;
				CLANG_WARN_INFINITE_RECURSION = YES;
				CLANG_WARN_INT_CONVERSION = YES;
				CLANG_WARN_NON_LITERAL_NULL_CONVERSION = YES;
				CLANG_WARN_OBJC_IMPLICIT_RETAIN_SELF = YES;
				CLANG_WARN_OBJC_LITERAL_CONVERSION = YES;
				CLANG_WARN_OBJC_ROOT_CLASS = YES_ERROR;
				CLANG_WARN_RANGE_LOOP_ANALYSIS = YES;
				CLANG_WARN_STRICT_PROTOTYPES = YES;
				CLANG_WARN_SUSPICIOUS_MOVE = YES;
				CLANG_WARN_UNGUARDED_AVAILABILITY = YES_AGGRESSIVE;
				CLANG_WARN_UNREACHABLE_CODE = YES;
				CLANG_WARN__DUPLICATE_METHOD_MATCH = YES;
				CODE_SIGN_IDENTITY = "iPhone Developer";
				COPY_PHASE_STRIP = NO;
				DEBUG_INFORMATION_FORMAT = dwarf;
				ENABLE_STRICT_OBJC_MSGSEND = YES;
				ENABLE_TESTABILITY = YES;
				GCC_C_LANGUAGE_STANDARD = gnu11;
				GCC_DYNAMIC_NO_PIC = NO;
				GCC_NO_COMMON_BLOCKS = YES;
				GCC_OPTIMIZATION_LEVEL = 0;
				GCC_PREPROCESSOR_DEFINITIONS = (
					"DEBUG=1",
					"$(inherited)",
				);
				GCC_WARN_64_TO_32_BIT_CONVERSION = YES;
				GCC_WARN_ABOUT_RETURN_TYPE = YES_ERROR;
				GCC_WARN_UNDECLARED_SELECTOR = YES;
				GCC_WARN_UNINITIALIZED_AUTOS = YES_AGGRESSIVE;
				GCC_WARN_UNUSED_FUNCTION = YES;
				GCC_WARN_UNUSED_VARIABLE = YES;
				IPHONEOS_DEPLOYMENT_TARGET = 12.4;
				MTL_ENABLE_DEBUG_INFO = INCLUDE_SOURCE;
				MTL_FAST_MATH = YES;
				ONLY_ACTIVE_ARCH = YES;
				SDKROOT = iphoneos;
				SWIFT_ACTIVE_COMPILATION_CONDITIONS = DEBUG;
				SWIFT_OPTIMIZATION_LEVEL = "-Onone";
			};
			name = Debug;
		};
		860118BA232223D000BA1EE1 /* Release */ = {
			isa = XCBuildConfiguration;
			buildSettings = {
				ALWAYS_SEARCH_USER_PATHS = NO;
				CLANG_ANALYZER_NONNULL = YES;
				CLANG_ANALYZER_NUMBER_OBJECT_CONVERSION = YES_AGGRESSIVE;
				CLANG_CXX_LANGUAGE_STANDARD = "gnu++14";
				CLANG_CXX_LIBRARY = "libc++";
				CLANG_ENABLE_MODULES = YES;
				CLANG_ENABLE_OBJC_ARC = YES;
				CLANG_ENABLE_OBJC_WEAK = YES;
				CLANG_WARN_BLOCK_CAPTURE_AUTORELEASING = YES;
				CLANG_WARN_BOOL_CONVERSION = YES;
				CLANG_WARN_COMMA = YES;
				CLANG_WARN_CONSTANT_CONVERSION = YES;
				CLANG_WARN_DEPRECATED_OBJC_IMPLEMENTATIONS = YES;
				CLANG_WARN_DIRECT_OBJC_ISA_USAGE = YES_ERROR;
				CLANG_WARN_DOCUMENTATION_COMMENTS = YES;
				CLANG_WARN_EMPTY_BODY = YES;
				CLANG_WARN_ENUM_CONVERSION = YES;
				CLANG_WARN_INFINITE_RECURSION = YES;
				CLANG_WARN_INT_CONVERSION = YES;
				CLANG_WARN_NON_LITERAL_NULL_CONVERSION = YES;
				CLANG_WARN_OBJC_IMPLICIT_RETAIN_SELF = YES;
				CLANG_WARN_OBJC_LITERAL_CONVERSION = YES;
				CLANG_WARN_OBJC_ROOT_CLASS = YES_ERROR;
				CLANG_WARN_RANGE_LOOP_ANALYSIS = YES;
				CLANG_WARN_STRICT_PROTOTYPES = YES;
				CLANG_WARN_SUSPICIOUS_MOVE = YES;
				CLANG_WARN_UNGUARDED_AVAILABILITY = YES_AGGRESSIVE;
				CLANG_WARN_UNREACHABLE_CODE = YES;
				CLANG_WARN__DUPLICATE_METHOD_MATCH = YES;
				CODE_SIGN_IDENTITY = "iPhone Developer";
				COPY_PHASE_STRIP = NO;
				DEBUG_INFORMATION_FORMAT = "dwarf-with-dsym";
				ENABLE_NS_ASSERTIONS = NO;
				ENABLE_STRICT_OBJC_MSGSEND = YES;
				GCC_C_LANGUAGE_STANDARD = gnu11;
				GCC_NO_COMMON_BLOCKS = YES;
				GCC_WARN_64_TO_32_BIT_CONVERSION = YES;
				GCC_WARN_ABOUT_RETURN_TYPE = YES_ERROR;
				GCC_WARN_UNDECLARED_SELECTOR = YES;
				GCC_WARN_UNINITIALIZED_AUTOS = YES_AGGRESSIVE;
				GCC_WARN_UNUSED_FUNCTION = YES;
				GCC_WARN_UNUSED_VARIABLE = YES;
				IPHONEOS_DEPLOYMENT_TARGET = 12.4;
				MTL_ENABLE_DEBUG_INFO = NO;
				MTL_FAST_MATH = YES;
				SDKROOT = iphoneos;
				SWIFT_COMPILATION_MODE = wholemodule;
				SWIFT_OPTIMIZATION_LEVEL = "-O";
				VALIDATE_PRODUCT = YES;
			};
			name = Release;
		};
		860118BC232223D000BA1EE1 /* Debug */ = {
			isa = XCBuildConfiguration;
			baseConfigurationReference = CCA87705F2AD57905040EAF9 /* Pods-Test-5-18.debug.xcconfig */;
			buildSettings = {
				ASSETCATALOG_COMPILER_APPICON_NAME = AppIcon;
				CODE_SIGN_STYLE = Automatic;
				INFOPLIST_FILE = "Test-5-18/Info.plist";
				LD_RUNPATH_SEARCH_PATHS = (
					"$(inherited)",
					"@executable_path/Frameworks",
				);
				PRODUCT_BUNDLE_IDENTIFIER = "aaaa.Test-5-18";
				PRODUCT_NAME = "$(TARGET_NAME)";
				SWIFT_VERSION = 5.0;
				TARGETED_DEVICE_FAMILY = "1,2";
			};
			name = Debug;
		};
		860118BD232223D000BA1EE1 /* Release */ = {
			isa = XCBuildConfiguration;
			baseConfigurationReference = AAA89D909AE546D5B3CA76ED /* Pods-Test-5-18.release.xcconfig */;
			buildSettings = {
				ASSETCATALOG_COMPILER_APPICON_NAME = AppIcon;
				CODE_SIGN_STYLE = Automatic;
				INFOPLIST_FILE = "Test-5-18/Info.plist";
				LD_RUNPATH_SEARCH_PATHS = (
					"$(inherited)",
					"@executable_path/Frameworks",
				);
				PRODUCT_BUNDLE_IDENTIFIER = "aaaa.Test-5-18";
				PRODUCT_NAME = "$(TARGET_NAME)";
				SWIFT_VERSION = 5.0;
				TARGETED_DEVICE_FAMILY = "1,2";
			};
			name = Release;
		};
		860118BF232223D000BA1EE1 /* Debug */ = {
			isa = XCBuildConfiguration;
			baseConfigurationReference = 353E3263114CC22F5F58BB6A /* Pods-Test-5-18Tests.debug.xcconfig */;
			buildSettings = {
				ALWAYS_EMBED_SWIFT_STANDARD_LIBRARIES = YES;
				BUNDLE_LOADER = "$(TEST_HOST)";
				CODE_SIGN_STYLE = Automatic;
				INFOPLIST_FILE = "Test-5-18Tests/Info.plist";
				LD_RUNPATH_SEARCH_PATHS = (
					"$(inherited)",
					"@executable_path/Frameworks",
					"@loader_path/Frameworks",
				);
				PRODUCT_BUNDLE_IDENTIFIER = "aaaa.Test-5-18Tests";
				PRODUCT_NAME = "$(TARGET_NAME)";
				SWIFT_VERSION = 5.0;
				TARGETED_DEVICE_FAMILY = "1,2";
				TEST_HOST = "$(BUILT_PRODUCTS_DIR)/Test-5-18.app/Test-5-18";
			};
			name = Debug;
		};
		860118C0232223D000BA1EE1 /* Release */ = {
			isa = XCBuildConfiguration;
			baseConfigurationReference = 7B7DE2BE9C82EF4A140C8E3B /* Pods-Test-5-18Tests.release.xcconfig */;
			buildSettings = {
				ALWAYS_EMBED_SWIFT_STANDARD_LIBRARIES = YES;
				BUNDLE_LOADER = "$(TEST_HOST)";
				CODE_SIGN_STYLE = Automatic;
				INFOPLIST_FILE = "Test-5-18Tests/Info.plist";
				LD_RUNPATH_SEARCH_PATHS = (
					"$(inherited)",
					"@executable_path/Frameworks",
					"@loader_path/Frameworks",
				);
				PRODUCT_BUNDLE_IDENTIFIER = "aaaa.Test-5-18Tests";
				PRODUCT_NAME = "$(TARGET_NAME)";
				SWIFT_VERSION = 5.0;
				TARGETED_DEVICE_FAMILY = "1,2";
				TEST_HOST = "$(BUILT_PRODUCTS_DIR)/Test-5-18.app/Test-5-18";
			};
			name = Release;
		};
		860118C2232223D000BA1EE1 /* Debug */ = {
			isa = XCBuildConfiguration;
			baseConfigurationReference = 4916A2F5ADA9F7F2F2C7A936 /* Pods-Test-5-18UITests.debug.xcconfig */;
			buildSettings = {
				ALWAYS_EMBED_SWIFT_STANDARD_LIBRARIES = YES;
				CODE_SIGN_STYLE = Automatic;
				INFOPLIST_FILE = "Test-5-18UITests/Info.plist";
				LD_RUNPATH_SEARCH_PATHS = (
					"$(inherited)",
					"@executable_path/Frameworks",
					"@loader_path/Frameworks",
				);
				PRODUCT_BUNDLE_IDENTIFIER = "aaaa.Test-5-18UITests";
				PRODUCT_NAME = "$(TARGET_NAME)";
				SWIFT_VERSION = 5.0;
				TARGETED_DEVICE_FAMILY = "1,2";
				TEST_TARGET_NAME = "Test-5-18";
			};
			name = Debug;
		};
		860118C3232223D000BA1EE1 /* Release */ = {
			isa = XCBuildConfiguration;
			baseConfigurationReference = 82085F28C10B0031246371A0 /* Pods-Test-5-18UITests.release.xcconfig */;
			buildSettings = {
				ALWAYS_EMBED_SWIFT_STANDARD_LIBRARIES = YES;
				CODE_SIGN_STYLE = Automatic;
				INFOPLIST_FILE = "Test-5-18UITests/Info.plist";
				LD_RUNPATH_SEARCH_PATHS = (
					"$(inherited)",
					"@executable_path/Frameworks",
					"@loader_path/Frameworks",
				);
				PRODUCT_BUNDLE_IDENTIFIER = "aaaa.Test-5-18UITests";
				PRODUCT_NAME = "$(TARGET_NAME)";
				SWIFT_VERSION = 5.0;
				TARGETED_DEVICE_FAMILY = "1,2";
				TEST_TARGET_NAME = "Test-5-18";
			};
			name = Release;
		};
/* End XCBuildConfiguration section */

/* Begin XCConfigurationList section */
		8601188E232223CE00BA1EE1 /* Build configuration list for PBXProject "Test-5-18" */ = {
			isa = XCConfigurationList;
			buildConfigurations = (
				860118B9232223D000BA1EE1 /* Debug */,
				860118BA232223D000BA1EE1 /* Release */,
			);
			defaultConfigurationIsVisible = 0;
			defaultConfigurationName = Release;
		};
		860118BB232223D000BA1EE1 /* Build configuration list for PBXNativeTarget "Test-5-18" */ = {
			isa = XCConfigurationList;
			buildConfigurations = (
				860118BC232223D000BA1EE1 /* Debug */,
				860118BD232223D000BA1EE1 /* Release */,
			);
			defaultConfigurationIsVisible = 0;
			defaultConfigurationName = Release;
		};
		860118BE232223D000BA1EE1 /* Build configuration list for PBXNativeTarget "Test-5-18Tests" */ = {
			isa = XCConfigurationList;
			buildConfigurations = (
				860118BF232223D000BA1EE1 /* Debug */,
				860118C0232223D000BA1EE1 /* Release */,
			);
			defaultConfigurationIsVisible = 0;
			defaultConfigurationName = Release;
		};
		860118C1232223D000BA1EE1 /* Build configuration list for PBXNativeTarget "Test-5-18UITests" */ = {
			isa = XCConfigurationList;
			buildConfigurations = (
				860118C2232223D000BA1EE1 /* Debug */,
				860118C3232223D000BA1EE1 /* Release */,
			);
			defaultConfigurationIsVisible = 0;
			defaultConfigurationName = Release;
		};
/* End XCConfigurationList section */
	};
	rootObject = 8601188B232223CE00BA1EE1 /* Project object */;
}
